# This file was autogenerated by uv via the following command:
#    uv pip compile requirements-ci-linux-py312.in --output-file requirements-ci-linux-py312.lock --python-version 3.12 --python-platform x86_64-manylinux_2_28 --only-binary :all: --generate-hashes --no-annotate --emit-index-url --emit-index-annotation --exclude-newer 2026-08-10T00:00:00Z --no-cache --no-python-downloads
--index-url https://pypi.org/simple

colorama==0.4.6 \
    --hash=sha256:08695f5cb7ed6e0531a20572697297273c47b8cae5a63ffc6d6ed5c201be6e44 \
    --hash=sha256:4f1d9991f5acc0ca119f9d443620b77f9d6b33703e51011c16baf57afb285fc6
    # from https://pypi.org/simple
iniconfig==2.3.0 \
    --hash=sha256:c76315c77db068650d49c5b56314774a7804df16fee4402c1f19d6d15d8c4730 \
    --hash=sha256:f631c04d2c48c52b84d0d0549c99ff3859c98df65b3101406327ecc7d53fbf12
    # from https://pypi.org/simple
packaging==26.3 \
    --hash=sha256:94edc256424af38762eb31306eed28beb9f0efc50a8837492c9d6fd6004aed79 \
    --hash=sha256:d7193f7c8e4e93f444fde0262bf90af30e16fa0ad0ad44cb553c87339b23cd1c
    # from https://pypi.org/simple
pluggy==1.6.0 \
    --hash=sha256:7dcc130b76258d33b90f61b658791dede3486c3e6bfb003ee5c9bfb396dd22f3 \
    --hash=sha256:e920276dd6813095e9377c0bc5566d94c932c33b27a3e3945d8389c374dd4746
    # from https://pypi.org/simple
pygments==2.20.0 \
    --hash=sha256:6757cd03768053ff99f3039c1a36d6c0aa0b263438fcab17520b30a303a82b5f \
    --hash=sha256:81a9e26dd42fd28a23a2d169d86d7ac03b46e2f8b59ed4698fb4785f946d0176
    # from https://pypi.org/simple
pytest==9.0.3 \
    --hash=sha256:2c5efc453d45394fdd706ade797c0a81091eccd1d6e4bccfcd476e2b8e0ab5d9 \
    --hash=sha256:b86ada508af81d19edeb213c681b1d48246c1a91d304c6c81a427674c17eb91c
    # from https://pypi.org/simple
ruff==0.15.17 \
    --hash=sha256:0e01a84ddbc8c16c23055ba3924476850f1bbc1917cebbb9376665a63e74260d \
    --hash=sha256:25805a226d741c47d274a35ad5c10a7dde175fcddfa511d7cf3da0a21eb3eab7 \
    --hash=sha256:2ec446937fd16c8c4de2674a209cc5af64d9c6f17d21fbf1151054fa0bcf5219 \
    --hash=sha256:382fc0521025f5a8ad447d8bdd523545d0d7646adb718eb1c2dac5065ec27c0f \
    --hash=sha256:456d41fcd1b2777ad63f09a6e7121d43f7b688bbc76a800c10f7f8fb1f912c3f \
    --hash=sha256:596065960ab1ff593f744220c9fe6580eda00a95003cffa9f4048bb5b1bf0392 \
    --hash=sha256:6769e5fa1710b179b92e0bfa5a51735b35baea9013dadb06d5f44cbcf9547084 \
    --hash=sha256:6ba0c1e4f95bcb3869d0d30cbd5917071ef2e28665abfec970cdab0492c713ed \
    --hash=sha256:6eccbe50a038b503e7140b441aa9c7fc8c1f36edf23ebef9f4165c2f28f568b7 \
    --hash=sha256:81647960f10bff57d2e51cadd0c3950fe598400c852863a038720ef5b8cca91e \
    --hash=sha256:84fe9f653152f8f294f9f7e03bf3a453d8b4a27f7a59c78c8666167f2b17b96c \
    --hash=sha256:8c0fe88a7676e7a05b73174d4d4a59cb2ac21ff8263583f87a81a6018475a978 \
    --hash=sha256:b1a04bcc94ae6194e9db05d16ad31f298a7194bfbcb08258bbe589cee1d587b8 \
    --hash=sha256:b8461180b22420b1bdc289909410930761629fddf2a5aaf60fae1ab26cedc4c4 \
    --hash=sha256:d9feddb927fc68bd295f5eebc587a7e42cfaf9b65f60ca4a2386febff575da8f \
    --hash=sha256:ecfc3c7878fff94633ab0348524e093f9ce3243080416dd7d14f8ba400174719 \
    --hash=sha256:f3be1fbb34bcdfd146240d8fb92a709d4c2c8191348580a3c044ec60fa0b4456 \
    --hash=sha256:f6ad73b14c2d18a3bf8ad7cb6974294d7f613a7898604826058e6ac64918ef4d
    # from https://pypi.org/simple
